
Microsoft Visual Studio Solution File, Format Version 12.00
# Visual Studio 14
VisualStudioVersion = 14.0.25420.1
MinimumVisualStudioVersion = 10.0.40219.1
Project("{FAE04EC0-301F-11D3-BF4B-00C04F79EFBC}") = "Word Classifier", "VSTO_WordClass\Word Classifier.csproj", "{AACDC248-52FB-45D6-86C9-4160EF602412}"
EndProject
Project("{2150E333-8FDC-42A3-9474-1A3956D46DE8}") = "Solution Items", "Solution Items", "{F79DEE37-80F8-416F-A363-43D18E70ACE1}"
EndProject
Project("{FAE04EC0-301F-11D3-BF4B-00C04F79EFBC}") = "Excel Classifier", "VSTO_ExcelClass\Excel Classifier.csproj", "{5216ACC3-DD59-433A-A72E-B20DEDC18F03}"
EndProject
Global
	GlobalSection(SolutionConfigurationPlatforms) = preSolution
		Debug|Any CPU = Debug|Any CPU
		Release|Any CPU = Release|Any CPU
	EndGlobalSection
	GlobalSection(ProjectConfigurationPlatforms) = postSolution
		{AACDC248-52FB-45D6-86C9-4160EF602412}.Debug|Any CPU.ActiveCfg = Debug|Any CPU
		{AACDC248-52FB-45D6-86C9-4160EF602412}.Debug|Any CPU.Build.0 = Debug|Any CPU
		{AACDC248-52FB-45D6-86C9-4160EF602412}.Release|Any CPU.ActiveCfg = Release|Any CPU
		{AACDC248-52FB-45D6-86C9-4160EF602412}.Release|Any CPU.Build.0 = Release|Any CPU
		{5216ACC3-DD59-433A-A72E-B20DEDC18F03}.Debug|Any CPU.ActiveCfg = Debug|Any CPU
		{5216ACC3-DD59-433A-A72E-B20DEDC18F03}.Debug|Any CPU.Build.0 = Debug|Any CPU
		{5216ACC3-DD59-433A-A72E-B20DEDC18F03}.Release|Any CPU.ActiveCfg = Release|Any CPU
		{5216ACC3-DD59-433A-A72E-B20DEDC18F03}.Release|Any CPU.Build.0 = Release|Any CPU
	EndGlobalSection
	GlobalSection(SolutionProperties) = preSolution
		HideSolutionNode = FALSE
	EndGlobalSection
EndGlobal
