
Microsoft Visual Studio Solution File, Format Version 12.00
# Visual Studio 14
VisualStudioVersion = 14.0.25123.0
MinimumVisualStudioVersion = 10.0.40219.1
Project("{FAE04EC0-301F-11D3-BF4B-00C04F79EFBC}") = "VSTO_WordDemo1", "VSTO_WordDemo1\VSTO_WordDemo1.csproj", "{AACDC248-52FB-45D6-86C9-4160EF602412}"
EndProject
Project("{FAE04EC0-301F-11D3-BF4B-00C04F79EFBC}") = "VSTO_WordDemo2", "VSTO_WordDemo2\VSTO_WordDemo2.csproj", "{AC8B034E-4C14-4580-8C1D-FDE0AA5CB766}"
EndProject
Global
	GlobalSection(SolutionConfigurationPlatforms) = preSolution
		Debug|Any CPU = Debug|Any CPU
		Release|Any CPU = Release|Any CPU
	EndGlobalSection
	GlobalSection(ProjectConfigurationPlatforms) = postSolution
		{AACDC248-52FB-45D6-86C9-4160EF602412}.Debug|Any CPU.ActiveCfg = Debug|Any CPU
		{AACDC248-52FB-45D6-86C9-4160EF602412}.Debug|Any CPU.Build.0 = Debug|Any CPU
		{AACDC248-52FB-45D6-86C9-4160EF602412}.Release|Any CPU.ActiveCfg = Release|Any CPU
		{AACDC248-52FB-45D6-86C9-4160EF602412}.Release|Any CPU.Build.0 = Release|Any CPU
		{AC8B034E-4C14-4580-8C1D-FDE0AA5CB766}.Debug|Any CPU.ActiveCfg = Debug|Any CPU
		{AC8B034E-4C14-4580-8C1D-FDE0AA5CB766}.Debug|Any CPU.Build.0 = Debug|Any CPU
		{AC8B034E-4C14-4580-8C1D-FDE0AA5CB766}.Release|Any CPU.ActiveCfg = Release|Any CPU
		{AC8B034E-4C14-4580-8C1D-FDE0AA5CB766}.Release|Any CPU.Build.0 = Release|Any CPU
	EndGlobalSection
	GlobalSection(SolutionProperties) = preSolution
		HideSolutionNode = FALSE
	EndGlobalSection
EndGlobal
